
Microsoft Visual Studio Solution File, Format Version 12.00
Project("{2150E333-8FDC-42A3-9474-1A3956D46DE8}") = "src", "src", "{CE9E2A14-D535-41F1-9665-98375C4EE098}"
EndProject
Project("{FAE04EC0-301F-11D3-BF4B-00C04F79EFBC}") = "Playground.Core", "Playground.Core\Playground.Core.csproj", "{171D5D19-124F-4E70-9736-8BCA03FCF9A2}"
EndProject
Project("{2150E333-8FDC-42A3-9474-1A3956D46DE8}") = "tests", "tests", "{B78F0BC1-8C43-4D51-A243-26239615658D}"
EndProject
Project("{FAE04EC0-301F-11D3-BF4B-00C04F79EFBC}") = "Playground.UnitTests", "Playground.UnitTests\Playground.UnitTests.csproj", "{8E15782F-20F3-4CE4-BA27-C6367B72E049}"
EndProject
Global
	GlobalSection(SolutionConfigurationPlatforms) = preSolution
		Debug|Any CPU = Debug|Any CPU
		Release|Any CPU = Release|Any CPU
	EndGlobalSection
	GlobalSection(ProjectConfigurationPlatforms) = postSolution
		{171D5D19-124F-4E70-9736-8BCA03FCF9A2}.Debug|Any CPU.ActiveCfg = Debug|Any CPU
		{171D5D19-124F-4E70-9736-8BCA03FCF9A2}.Debug|Any CPU.Build.0 = Debug|Any CPU
		{171D5D19-124F-4E70-9736-8BCA03FCF9A2}.Release|Any CPU.ActiveCfg = Release|Any CPU
		{171D5D19-124F-4E70-9736-8BCA03FCF9A2}.Release|Any CPU.Build.0 = Release|Any CPU
		{8E15782F-20F3-4CE4-BA27-C6367B72E049}.Debug|Any CPU.ActiveCfg = Debug|Any CPU
		{8E15782F-20F3-4CE4-BA27-C6367B72E049}.Debug|Any CPU.Build.0 = Debug|Any CPU
		{8E15782F-20F3-4CE4-BA27-C6367B72E049}.Release|Any CPU.ActiveCfg = Release|Any CPU
		{8E15782F-20F3-4CE4-BA27-C6367B72E049}.Release|Any CPU.Build.0 = Release|Any CPU
	EndGlobalSection
	GlobalSection(NestedProjects) = preSolution
		{171D5D19-124F-4E70-9736-8BCA03FCF9A2} = {CE9E2A14-D535-41F1-9665-98375C4EE098}
		{8E15782F-20F3-4CE4-BA27-C6367B72E049} = {B78F0BC1-8C43-4D51-A243-26239615658D}
	EndGlobalSection
EndGlobal
